
Microsoft Visual Studio Solution File, Format Version 12.00
# Visual Studio Version 17
VisualStudioVersion = 17.1.32228.430
MinimumVisualStudioVersion = 10.0.40219.1
Project("{FAE04EC0-301F-11D3-BF4B-00C04F79EFBC}") = "Task 2", "Task 2\Task 2.csproj", "{48E054AA-7E3D-4C2D-AFAE-C31732D647B1}"
EndProject
Project("{FAE04EC0-301F-11D3-BF4B-00C04F79EFBC}") = "ClassLibrary1", "ClassLibrary1\ClassLibrary1.csproj", "{62B02D49-7979-4D6F-A955-5850DCF51537}"
EndProject
Global
	GlobalSection(SolutionConfigurationPlatforms) = preSolution
		Debug|Any CPU = Debug|Any CPU
		Release|Any CPU = Release|Any CPU
	EndGlobalSection
	GlobalSection(ProjectConfigurationPlatforms) = postSolution
		{48E054AA-7E3D-4C2D-AFAE-C31732D647B1}.Debug|Any CPU.ActiveCfg = Debug|Any CPU
		{48E054AA-7E3D-4C2D-AFAE-C31732D647B1}.Debug|Any CPU.Build.0 = Debug|Any CPU
		{48E054AA-7E3D-4C2D-AFAE-C31732D647B1}.Release|Any CPU.ActiveCfg = Release|Any CPU
		{48E054AA-7E3D-4C2D-AFAE-C31732D647B1}.Release|Any CPU.Build.0 = Release|Any CPU
		{62B02D49-7979-4D6F-A955-5850DCF51537}.Debug|Any CPU.ActiveCfg = Debug|Any CPU
		{62B02D49-7979-4D6F-A955-5850DCF51537}.Debug|Any CPU.Build.0 = Debug|Any CPU
		{62B02D49-7979-4D6F-A955-5850DCF51537}.Release|Any CPU.ActiveCfg = Release|Any CPU
		{62B02D49-7979-4D6F-A955-5850DCF51537}.Release|Any CPU.Build.0 = Release|Any CPU
	EndGlobalSection
	GlobalSection(SolutionProperties) = preSolution
		HideSolutionNode = FALSE
	EndGlobalSection
	GlobalSection(ExtensibilityGlobals) = postSolution
		SolutionGuid = {A2E34303-8264-4F6C-8339-98FF40BD115C}
	EndGlobalSection
EndGlobal
